
Microsoft Visual Studio Solution File, Format Version 12.00
# Visual Studio 14
VisualStudioVersion = 14.0.25420.1
MinimumVisualStudioVersion = 10.0.40219.1
Project("{FAE04EC0-301F-11D3-BF4B-00C04F79EFBC}") = "SuBienApp", "SuBienApp\SuBienApp\SuBienApp.csproj", "{35542ADA-2667-49AB-8418-A34776538C4B}"
EndProject
Project("{FAE04EC0-301F-11D3-BF4B-00C04F79EFBC}") = "SuBienApp.Droid", "SuBienApp\SuBienApp.Droid\SuBienApp.Droid.csproj", "{4E225074-9114-4514-8904-C008283CFB0F}"
EndProject
Project("{FAE04EC0-301F-11D3-BF4B-00C04F79EFBC}") = "SuBienApp.iOS", "SuBienApp\SuBienApp.iOS\SuBienApp.iOS.csproj", "{51E835A0-8983-4DF9-8146-CD9DA40333F3}"
EndProject
Project("{FAE04EC0-301F-11D3-BF4B-00C04F79EFBC}") = "SuBienApp.WinPhone", "SuBienApp\SuBienApp.WinPhone\SuBienApp.WinPhone.csproj", "{26D73CCC-9A8A-41A3-9A4C-5D579B2465DE}"
EndProject
Project("{FAE04EC0-301F-11D3-BF4B-00C04F79EFBC}") = "SuBienApp.Windows", "SuBienApp\SuBienApp.Windows\SuBienApp.Windows.csproj", "{787241FF-19DC-43E2-8DF3-10C8AD2E14D6}"
EndProject
Global
	GlobalSection(SolutionConfigurationPlatforms) = preSolution
		Ad-Hoc|Any CPU = Ad-Hoc|Any CPU
		Ad-Hoc|ARM = Ad-Hoc|ARM
		Ad-Hoc|iPhone = Ad-Hoc|iPhone
		Ad-Hoc|iPhoneSimulator = Ad-Hoc|iPhoneSimulator
		Ad-Hoc|x64 = Ad-Hoc|x64
		Ad-Hoc|x86 = Ad-Hoc|x86
		AppStore|Any CPU = AppStore|Any CPU
		AppStore|ARM = AppStore|ARM
		AppStore|iPhone = AppStore|iPhone
		AppStore|iPhoneSimulator = AppStore|iPhoneSimulator
		AppStore|x64 = AppStore|x64
		AppStore|x86 = AppStore|x86
		Debug|Any CPU = Debug|Any CPU
		Debug|ARM = Debug|ARM
		Debug|iPhone = Debug|iPhone
		Debug|iPhoneSimulator = Debug|iPhoneSimulator
		Debug|x64 = Debug|x64
		Debug|x86 = Debug|x86
		Release|Any CPU = Release|Any CPU
		Release|ARM = Release|ARM
		Release|iPhone = Release|iPhone
		Release|iPhoneSimulator = Release|iPhoneSimulator
		Release|x64 = Release|x64
		Release|x86 = Release|x86
	EndGlobalSection
	GlobalSection(ProjectConfigurationPlatforms) = postSolution
		{35542ADA-2667-49AB-8418-A34776538C4B}.Ad-Hoc|Any CPU.ActiveCfg = Release|Any CPU
		{35542ADA-2667-49AB-8418-A34776538C4B}.Ad-Hoc|Any CPU.Build.0 = Release|Any CPU
		{35542ADA-2667-49AB-8418-A34776538C4B}.Ad-Hoc|ARM.ActiveCfg = Release|Any CPU
		{35542ADA-2667-49AB-8418-A34776538C4B}.Ad-Hoc|ARM.Build.0 = Release|Any CPU
		{35542ADA-2667-49AB-8418-A34776538C4B}.Ad-Hoc|iPhone.ActiveCfg = Release|Any CPU
		{35542ADA-2667-49AB-8418-A34776538C4B}.Ad-Hoc|iPhone.Build.0 = Release|Any CPU
		{35542ADA-2667-49AB-8418-A34776538C4B}.Ad-Hoc|iPhoneSimulator.ActiveCfg = Release|Any CPU
		{35542ADA-2667-49AB-8418-A34776538C4B}.Ad-Hoc|iPhoneSimulator.Build.0 = Release|Any CPU
		{35542ADA-2667-49AB-8418-A34776538C4B}.Ad-Hoc|x64.ActiveCfg = Release|Any CPU
		{35542ADA-2667-49AB-8418-A34776538C4B}.Ad-Hoc|x64.Build.0 = Release|Any CPU
		{35542ADA-2667-49AB-8418-A34776538C4B}.Ad-Hoc|x86.ActiveCfg = Release|Any CPU
		{35542ADA-2667-49AB-8418-A34776538C4B}.Ad-Hoc|x86.Build.0 = Release|Any CPU
		{35542ADA-2667-49AB-8418-A34776538C4B}.AppStore|Any CPU.ActiveCfg = Release|Any CPU
		{35542ADA-2667-49AB-8418-A34776538C4B}.AppStore|Any CPU.Build.0 = Release|Any CPU
		{35542ADA-2667-49AB-8418-A34776538C4B}.AppStore|ARM.ActiveCfg = Release|Any CPU
		{35542ADA-2667-49AB-8418-A34776538C4B}.AppStore|ARM.Build.0 = Release|Any CPU
		{35542ADA-2667-49AB-8418-A34776538C4B}.AppStore|iPhone.ActiveCfg = Release|Any CPU
		{35542ADA-2667-49AB-8418-A34776538C4B}.AppStore|iPhone.Build.0 = Release|Any CPU
		{35542ADA-2667-49AB-8418-A34776538C4B}.AppStore|iPhoneSimulator.ActiveCfg = Release|Any CPU
		{35542ADA-2667-49AB-8418-A34776538C4B}.AppStore|iPhoneSimulator.Build.0 = Release|Any CPU
		{35542ADA-2667-49AB-8418-A34776538C4B}.AppStore|x64.ActiveCfg = Release|Any CPU
		{35542ADA-2667-49AB-8418-A34776538C4B}.AppStore|x64.Build.0 = Release|Any CPU
		{35542ADA-2667-49AB-8418-A34776538C4B}.AppStore|x86.ActiveCfg = Release|Any CPU
		{35542ADA-2667-49AB-8418-A34776538C4B}.AppStore|x86.Build.0 = Release|Any CPU
		{35542ADA-2667-49AB-8418-A34776538C4B}.Debug|Any CPU.ActiveCfg = Debug|Any CPU
		{35542ADA-2667-49AB-8418-A34776538C4B}.Debug|Any CPU.Build.0 = Debug|Any CPU
		{35542ADA-2667-49AB-8418-A34776538C4B}.Debug|ARM.ActiveCfg = Debug|Any CPU
		{35542ADA-2667-49AB-8418-A34776538C4B}.Debug|ARM.Build.0 = Debug|Any CPU
		{35542ADA-2667-49AB-8418-A34776538C4B}.Debug|iPhone.ActiveCfg = Debug|Any CPU
		{35542ADA-2667-49AB-8418-A34776538C4B}.Debug|iPhone.Build.0 = Debug|Any CPU
		{35542ADA-2667-49AB-8418-A34776538C4B}.Debug|iPhoneSimulator.ActiveCfg = Debug|Any CPU
		{35542ADA-2667-49AB-8418-A34776538C4B}.Debug|iPhoneSimulator.Build.0 = Debug|Any CPU
		{35542ADA-2667-49AB-8418-A34776538C4B}.Debug|x64.ActiveCfg = Debug|Any CPU
		{35542ADA-2667-49AB-8418-A34776538C4B}.Debug|x64.Build.0 = Debug|Any CPU
		{35542ADA-2667-49AB-8418-A34776538C4B}.Debug|x86.ActiveCfg = Debug|Any CPU
		{35542ADA-2667-49AB-8418-A34776538C4B}.Debug|x86.Build.0 = Debug|Any CPU
		{35542ADA-2667-49AB-8418-A34776538C4B}.Release|Any CPU.ActiveCfg = Release|Any CPU
		{35542ADA-2667-49AB-8418-A34776538C4B}.Release|Any CPU.Build.0 = Release|Any CPU
		{35542ADA-2667-49AB-8418-A34776538C4B}.Release|ARM.ActiveCfg = Release|Any CPU
		{35542ADA-2667-49AB-8418-A34776538C4B}.Release|ARM.Build.0 = Release|Any CPU
		{35542ADA-2667-49AB-8418-A34776538C4B}.Release|iPhone.ActiveCfg = Release|Any CPU
		{35542ADA-2667-49AB-8418-A34776538C4B}.Release|iPhone.Build.0 = Release|Any CPU
		{35542ADA-2667-49AB-8418-A34776538C4B}.Release|iPhoneSimulator.ActiveCfg = Release|Any CPU
		{35542ADA-2667-49AB-8418-A34776538C4B}.Release|iPhoneSimulator.Build.0 = Release|Any CPU
		{35542ADA-2667-49AB-8418-A34776538C4B}.Release|x64.ActiveCfg = Release|Any CPU
		{35542ADA-2667-49AB-8418-A34776538C4B}.Release|x64.Build.0 = Release|Any CPU
		{35542ADA-2667-49AB-8418-A34776538C4B}.Release|x86.ActiveCfg = Release|Any CPU
		{35542ADA-2667-49AB-8418-A34776538C4B}.Release|x86.Build.0 = Release|Any CPU
		{4E225074-9114-4514-8904-C008283CFB0F}.Ad-Hoc|Any CPU.ActiveCfg = Release|Any CPU
		{4E225074-9114-4514-8904-C008283CFB0F}.Ad-Hoc|Any CPU.Build.0 = Release|Any CPU
		{4E225074-9114-4514-8904-C008283CFB0F}.Ad-Hoc|Any CPU.Deploy.0 = Release|Any CPU
		{4E225074-9114-4514-8904-C008283CFB0F}.Ad-Hoc|ARM.ActiveCfg = Release|Any CPU
		{4E225074-9114-4514-8904-C008283CFB0F}.Ad-Hoc|ARM.Build.0 = Release|Any CPU
		{4E225074-9114-4514-8904-C008283CFB0F}.Ad-Hoc|ARM.Deploy.0 = Release|Any CPU
		{4E225074-9114-4514-8904-C008283CFB0F}.Ad-Hoc|iPhone.ActiveCfg = Release|Any CPU
		{4E225074-9114-4514-8904-C008283CFB0F}.Ad-Hoc|iPhone.Build.0 = Release|Any CPU
		{4E225074-9114-4514-8904-C008283CFB0F}.Ad-Hoc|iPhone.Deploy.0 = Release|Any CPU
		{4E225074-9114-4514-8904-C008283CFB0F}.Ad-Hoc|iPhoneSimulator.ActiveCfg = Release|Any CPU
		{4E225074-9114-4514-8904-C008283CFB0F}.Ad-Hoc|iPhoneSimulator.Build.0 = Release|Any CPU
		{4E225074-9114-4514-8904-C008283CFB0F}.Ad-Hoc|iPhoneSimulator.Deploy.0 = Release|Any CPU
		{4E225074-9114-4514-8904-C008283CFB0F}.Ad-Hoc|x64.ActiveCfg = Release|Any CPU
		{4E225074-9114-4514-8904-C008283CFB0F}.Ad-Hoc|x64.Build.0 = Release|Any CPU
		{4E225074-9114-4514-8904-C008283CFB0F}.Ad-Hoc|x64.Deploy.0 = Release|Any CPU
		{4E225074-9114-4514-8904-C008283CFB0F}.Ad-Hoc|x86.ActiveCfg = Release|Any CPU
		{4E225074-9114-4514-8904-C008283CFB0F}.Ad-Hoc|x86.Build.0 = Release|Any CPU
		{4E225074-9114-4514-8904-C008283CFB0F}.Ad-Hoc|x86.Deploy.0 = Release|Any CPU
		{4E225074-9114-4514-8904-C008283CFB0F}.AppStore|Any CPU.ActiveCfg = Release|Any CPU
		{4E225074-9114-4514-8904-C008283CFB0F}.AppStore|Any CPU.Build.0 = Release|Any CPU
		{4E225074-9114-4514-8904-C008283CFB0F}.AppStore|Any CPU.Deploy.0 = Release|Any CPU
		{4E225074-9114-4514-8904-C008283CFB0F}.AppStore|ARM.ActiveCfg = Release|Any CPU
		{4E225074-9114-4514-8904-C008283CFB0F}.AppStore|ARM.Build.0 = Release|Any CPU
		{4E225074-9114-4514-8904-C008283CFB0F}.AppStore|ARM.Deploy.0 = Release|Any CPU
		{4E225074-9114-4514-8904-C008283CFB0F}.AppStore|iPhone.ActiveCfg = Release|Any CPU
		{4E225074-9114-4514-8904-C008283CFB0F}.AppStore|iPhone.Build.0 = Release|Any CPU
		{4E225074-9114-4514-8904-C008283CFB0F}.AppStore|iPhone.Deploy.0 = Release|Any CPU
		{4E225074-9114-4514-8904-C008283CFB0F}.AppStore|iPhoneSimulator.ActiveCfg = Release|Any CPU
		{4E225074-9114-4514-8904-C008283CFB0F}.AppStore|iPhoneSimulator.Build.0 = Release|Any CPU
		{4E225074-9114-4514-8904-C008283CFB0F}.AppStore|iPhoneSimulator.Deploy.0 = Release|Any CPU
		{4E225074-9114-4514-8904-C008283CFB0F}.AppStore|x64.ActiveCfg = Release|Any CPU
		{4E225074-9114-4514-8904-C008283CFB0F}.AppStore|x64.Build.0 = Release|Any CPU
		{4E225074-9114-4514-8904-C008283CFB0F}.AppStore|x64.Deploy.0 = Release|Any CPU
		{4E225074-9114-4514-8904-C008283CFB0F}.AppStore|x86.ActiveCfg = Release|Any CPU
		{4E225074-9114-4514-8904-C008283CFB0F}.AppStore|x86.Build.0 = Release|Any CPU
		{4E225074-9114-4514-8904-C008283CFB0F}.AppStore|x86.Deploy.0 = Release|Any CPU
		{4E225074-9114-4514-8904-C008283CFB0F}.Debug|Any CPU.ActiveCfg = Debug|Any CPU
		{4E225074-9114-4514-8904-C008283CFB0F}.Debug|Any CPU.Build.0 = Debug|Any CPU
		{4E225074-9114-4514-8904-C008283CFB0F}.Debug|Any CPU.Deploy.0 = Debug|Any CPU
		{4E225074-9114-4514-8904-C008283CFB0F}.Debug|ARM.ActiveCfg = Debug|Any CPU
		{4E225074-9114-4514-8904-C008283CFB0F}.Debug|ARM.Build.0 = Debug|Any CPU
		{4E225074-9114-4514-8904-C008283CFB0F}.Debug|ARM.Deploy.0 = Debug|Any CPU
		{4E225074-9114-4514-8904-C008283CFB0F}.Debug|iPhone.ActiveCfg = Debug|Any CPU
		{4E225074-9114-4514-8904-C008283CFB0F}.Debug|iPhone.Build.0 = Debug|Any CPU
		{4E225074-9114-4514-8904-C008283CFB0F}.Debug|iPhone.Deploy.0 = Debug|Any CPU
		{4E225074-9114-4514-8904-C008283CFB0F}.Debug|iPhoneSimulator.ActiveCfg = Debug|Any CPU
		{4E225074-9114-4514-8904-C008283CFB0F}.Debug|iPhoneSimulator.Build.0 = Debug|Any CPU
		{4E225074-9114-4514-8904-C008283CFB0F}.Debug|iPhoneSimulator.Deploy.0 = Debug|Any CPU
		{4E225074-9114-4514-8904-C008283CFB0F}.Debug|x64.ActiveCfg = Debug|Any CPU
		{4E225074-9114-4514-8904-C008283CFB0F}.Debug|x64.Build.0 = Debug|Any CPU
		{4E225074-9114-4514-8904-C008283CFB0F}.Debug|x64.Deploy.0 = Debug|Any CPU
		{4E225074-9114-4514-8904-C008283CFB0F}.Debug|x86.ActiveCfg = Debug|Any CPU
		{4E225074-9114-4514-8904-C008283CFB0F}.Debug|x86.Build.0 = Debug|Any CPU
		{4E225074-9114-4514-8904-C008283CFB0F}.Debug|x86.Deploy.0 = Debug|Any CPU
		{4E225074-9114-4514-8904-C008283CFB0F}.Release|Any CPU.ActiveCfg = Release|Any CPU
		{4E225074-9114-4514-8904-C008283CFB0F}.Release|Any CPU.Build.0 = Release|Any CPU
		{4E225074-9114-4514-8904-C008283CFB0F}.Release|Any CPU.Deploy.0 = Release|Any CPU
		{4E225074-9114-4514-8904-C008283CFB0F}.Release|ARM.ActiveCfg = Release|Any CPU
		{4E225074-9114-4514-8904-C008283CFB0F}.Release|ARM.Build.0 = Release|Any CPU
		{4E225074-9114-4514-8904-C008283CFB0F}.Release|ARM.Deploy.0 = Release|Any CPU
		{4E225074-9114-4514-8904-C008283CFB0F}.Release|iPhone.ActiveCfg = Release|Any CPU
		{4E225074-9114-4514-8904-C008283CFB0F}.Release|iPhone.Build.0 = Release|Any CPU
		{4E225074-9114-4514-8904-C008283CFB0F}.Release|iPhone.Deploy.0 = Release|Any CPU
		{4E225074-9114-4514-8904-C008283CFB0F}.Release|iPhoneSimulator.ActiveCfg = Release|Any CPU
		{4E225074-9114-4514-8904-C008283CFB0F}.Release|iPhoneSimulator.Build.0 = Release|Any CPU
		{4E225074-9114-4514-8904-C008283CFB0F}.Release|iPhoneSimulator.Deploy.0 = Release|Any CPU
		{4E225074-9114-4514-8904-C008283CFB0F}.Release|x64.ActiveCfg = Release|Any CPU
		{4E225074-9114-4514-8904-C008283CFB0F}.Release|x64.Build.0 = Release|Any CPU
		{4E225074-9114-4514-8904-C008283CFB0F}.Release|x64.Deploy.0 = Release|Any CPU
		{4E225074-9114-4514-8904-C008283CFB0F}.Release|x86.ActiveCfg = Release|Any CPU
		{4E225074-9114-4514-8904-C008283CFB0F}.Release|x86.Build.0 = Release|Any CPU
		{4E225074-9114-4514-8904-C008283CFB0F}.Release|x86.Deploy.0 = Release|Any CPU
		{51E835A0-8983-4DF9-8146-CD9DA40333F3}.Ad-Hoc|Any CPU.ActiveCfg = Ad-Hoc|iPhone
		{51E835A0-8983-4DF9-8146-CD9DA40333F3}.Ad-Hoc|ARM.ActiveCfg = Ad-Hoc|iPhone
		{51E835A0-8983-4DF9-8146-CD9DA40333F3}.Ad-Hoc|iPhone.ActiveCfg = Ad-Hoc|iPhone
		{51E835A0-8983-4DF9-8146-CD9DA40333F3}.Ad-Hoc|iPhone.Build.0 = Ad-Hoc|iPhone
		{51E835A0-8983-4DF9-8146-CD9DA40333F3}.Ad-Hoc|iPhoneSimulator.ActiveCfg = Ad-Hoc|iPhoneSimulator
		{51E835A0-8983-4DF9-8146-CD9DA40333F3}.Ad-Hoc|iPhoneSimulator.Build.0 = Ad-Hoc|iPhoneSimulator
		{51E835A0-8983-4DF9-8146-CD9DA40333F3}.Ad-Hoc|x64.ActiveCfg = Ad-Hoc|iPhone
		{51E835A0-8983-4DF9-8146-CD9DA40333F3}.Ad-Hoc|x86.ActiveCfg = Ad-Hoc|iPhone
		{51E835A0-8983-4DF9-8146-CD9DA40333F3}.AppStore|Any CPU.ActiveCfg = AppStore|iPhone
		{51E835A0-8983-4DF9-8146-CD9DA40333F3}.AppStore|ARM.ActiveCfg = AppStore|iPhone
		{51E835A0-8983-4DF9-8146-CD9DA40333F3}.AppStore|iPhone.ActiveCfg = AppStore|iPhone
		{51E835A0-8983-4DF9-8146-CD9DA40333F3}.AppStore|iPhone.Build.0 = AppStore|iPhone
		{51E835A0-8983-4DF9-8146-CD9DA40333F3}.AppStore|iPhoneSimulator.ActiveCfg = AppStore|iPhoneSimulator
		{51E835A0-8983-4DF9-8146-CD9DA40333F3}.AppStore|iPhoneSimulator.Build.0 = AppStore|iPhoneSimulator
		{51E835A0-8983-4DF9-8146-CD9DA40333F3}.AppStore|x64.ActiveCfg = AppStore|iPhone
		{51E835A0-8983-4DF9-8146-CD9DA40333F3}.AppStore|x86.ActiveCfg = AppStore|iPhone
		{51E835A0-8983-4DF9-8146-CD9DA40333F3}.Debug|Any CPU.ActiveCfg = Debug|iPhone
		{51E835A0-8983-4DF9-8146-CD9DA40333F3}.Debug|ARM.ActiveCfg = Debug|iPhone
		{51E835A0-8983-4DF9-8146-CD9DA40333F3}.Debug|iPhone.ActiveCfg = Debug|iPhone
		{51E835A0-8983-4DF9-8146-CD9DA40333F3}.Debug|iPhone.Build.0 = Debug|iPhone
		{51E835A0-8983-4DF9-8146-CD9DA40333F3}.Debug|iPhoneSimulator.ActiveCfg = Debug|iPhoneSimulator
		{51E835A0-8983-4DF9-8146-CD9DA40333F3}.Debug|iPhoneSimulator.Build.0 = Debug|iPhoneSimulator
		{51E835A0-8983-4DF9-8146-CD9DA40333F3}.Debug|x64.ActiveCfg = Debug|iPhone
		{51E835A0-8983-4DF9-8146-CD9DA40333F3}.Debug|x86.ActiveCfg = Debug|iPhone
		{51E835A0-8983-4DF9-8146-CD9DA40333F3}.Release|Any CPU.ActiveCfg = Release|iPhone
		{51E835A0-8983-4DF9-8146-CD9DA40333F3}.Release|ARM.ActiveCfg = Release|iPhone
		{51E835A0-8983-4DF9-8146-CD9DA40333F3}.Release|iPhone.ActiveCfg = Release|iPhone
		{51E835A0-8983-4DF9-8146-CD9DA40333F3}.Release|iPhone.Build.0 = Release|iPhone
		{51E835A0-8983-4DF9-8146-CD9DA40333F3}.Release|iPhoneSimulator.ActiveCfg = Release|iPhoneSimulator
		{51E835A0-8983-4DF9-8146-CD9DA40333F3}.Release|iPhoneSimulator.Build.0 = Release|iPhoneSimulator
		{51E835A0-8983-4DF9-8146-CD9DA40333F3}.Release|x64.ActiveCfg = Release|iPhone
		{51E835A0-8983-4DF9-8146-CD9DA40333F3}.Release|x86.ActiveCfg = Release|iPhone
		{26D73CCC-9A8A-41A3-9A4C-5D579B2465DE}.Ad-Hoc|Any CPU.ActiveCfg = Release|Any CPU
		{26D73CCC-9A8A-41A3-9A4C-5D579B2465DE}.Ad-Hoc|Any CPU.Build.0 = Release|Any CPU
		{26D73CCC-9A8A-41A3-9A4C-5D579B2465DE}.Ad-Hoc|Any CPU.Deploy.0 = Release|Any CPU
		{26D73CCC-9A8A-41A3-9A4C-5D579B2465DE}.Ad-Hoc|ARM.ActiveCfg = Release|ARM
		{26D73CCC-9A8A-41A3-9A4C-5D579B2465DE}.Ad-Hoc|ARM.Build.0 = Release|ARM
		{26D73CCC-9A8A-41A3-9A4C-5D579B2465DE}.Ad-Hoc|ARM.Deploy.0 = Release|ARM
		{26D73CCC-9A8A-41A3-9A4C-5D579B2465DE}.Ad-Hoc|iPhone.ActiveCfg = Release|Any CPU
		{26D73CCC-9A8A-41A3-9A4C-5D579B2465DE}.Ad-Hoc|iPhone.Build.0 = Release|Any CPU
		{26D73CCC-9A8A-41A3-9A4C-5D579B2465DE}.Ad-Hoc|iPhone.Deploy.0 = Release|Any CPU
		{26D73CCC-9A8A-41A3-9A4C-5D579B2465DE}.Ad-Hoc|iPhoneSimulator.ActiveCfg = Release|Any CPU
		{26D73CCC-9A8A-41A3-9A4C-5D579B2465DE}.Ad-Hoc|iPhoneSimulator.Build.0 = Release|Any CPU
		{26D73CCC-9A8A-41A3-9A4C-5D579B2465DE}.Ad-Hoc|iPhoneSimulator.Deploy.0 = Release|Any CPU
		{26D73CCC-9A8A-41A3-9A4C-5D579B2465DE}.Ad-Hoc|x64.ActiveCfg = Release|Any CPU
		{26D73CCC-9A8A-41A3-9A4C-5D579B2465DE}.Ad-Hoc|x64.Build.0 = Release|Any CPU
		{26D73CCC-9A8A-41A3-9A4C-5D579B2465DE}.Ad-Hoc|x64.Deploy.0 = Release|Any CPU
		{26D73CCC-9A8A-41A3-9A4C-5D579B2465DE}.Ad-Hoc|x86.ActiveCfg = Release|x86
		{26D73CCC-9A8A-41A3-9A4C-5D579B2465DE}.Ad-Hoc|x86.Build.0 = Release|x86
		{26D73CCC-9A8A-41A3-9A4C-5D579B2465DE}.Ad-Hoc|x86.Deploy.0 = Release|x86
		{26D73CCC-9A8A-41A3-9A4C-5D579B2465DE}.AppStore|Any CPU.ActiveCfg = Release|Any CPU
		{26D73CCC-9A8A-41A3-9A4C-5D579B2465DE}.AppStore|Any CPU.Build.0 = Release|Any CPU
		{26D73CCC-9A8A-41A3-9A4C-5D579B2465DE}.AppStore|Any CPU.Deploy.0 = Release|Any CPU
		{26D73CCC-9A8A-41A3-9A4C-5D579B2465DE}.AppStore|ARM.ActiveCfg = Release|ARM
		{26D73CCC-9A8A-41A3-9A4C-5D579B2465DE}.AppStore|ARM.Build.0 = Release|ARM
		{26D73CCC-9A8A-41A3-9A4C-5D579B2465DE}.AppStore|ARM.Deploy.0 = Release|ARM
		{26D73CCC-9A8A-41A3-9A4C-5D579B2465DE}.AppStore|iPhone.ActiveCfg = Release|Any CPU
		{26D73CCC-9A8A-41A3-9A4C-5D579B2465DE}.AppStore|iPhone.Build.0 = Release|Any CPU
		{26D73CCC-9A8A-41A3-9A4C-5D579B2465DE}.AppStore|iPhone.Deploy.0 = Release|Any CPU
		{26D73CCC-9A8A-41A3-9A4C-5D579B2465DE}.AppStore|iPhoneSimulator.ActiveCfg = Release|Any CPU
		{26D73CCC-9A8A-41A3-9A4C-5D579B2465DE}.AppStore|iPhoneSimulator.Build.0 = Release|Any CPU
		{26D73CCC-9A8A-41A3-9A4C-5D579B2465DE}.AppStore|iPhoneSimulator.Deploy.0 = Release|Any CPU
		{26D73CCC-9A8A-41A3-9A4C-5D579B2465DE}.AppStore|x64.ActiveCfg = Release|Any CPU
		{26D73CCC-9A8A-41A3-9A4C-5D579B2465DE}.AppStore|x64.Build.0 = Release|Any CPU
		{26D73CCC-9A8A-41A3-9A4C-5D579B2465DE}.AppStore|x64.Deploy.0 = Release|Any CPU
		{26D73CCC-9A8A-41A3-9A4C-5D579B2465DE}.AppStore|x86.ActiveCfg = Release|x86
		{26D73CCC-9A8A-41A3-9A4C-5D579B2465DE}.AppStore|x86.Build.0 = Release|x86
		{26D73CCC-9A8A-41A3-9A4C-5D579B2465DE}.AppStore|x86.Deploy.0 = Release|x86
		{26D73CCC-9A8A-41A3-9A4C-5D579B2465DE}.Debug|Any CPU.ActiveCfg = Debug|Any CPU
		{26D73CCC-9A8A-41A3-9A4C-5D579B2465DE}.Debug|Any CPU.Build.0 = Debug|Any CPU
		{26D73CCC-9A8A-41A3-9A4C-5D579B2465DE}.Debug|Any CPU.Deploy.0 = Debug|Any CPU
		{26D73CCC-9A8A-41A3-9A4C-5D579B2465DE}.Debug|ARM.ActiveCfg = Debug|ARM
		{26D73CCC-9A8A-41A3-9A4C-5D579B2465DE}.Debug|ARM.Build.0 = Debug|ARM
		{26D73CCC-9A8A-41A3-9A4C-5D579B2465DE}.Debug|ARM.Deploy.0 = Debug|ARM
		{26D73CCC-9A8A-41A3-9A4C-5D579B2465DE}.Debug|iPhone.ActiveCfg = Debug|Any CPU
		{26D73CCC-9A8A-41A3-9A4C-5D579B2465DE}.Debug|iPhone.Build.0 = Debug|Any CPU
		{26D73CCC-9A8A-41A3-9A4C-5D579B2465DE}.Debug|iPhone.Deploy.0 = Debug|Any CPU
		{26D73CCC-9A8A-41A3-9A4C-5D579B2465DE}.Debug|iPhoneSimulator.ActiveCfg = Debug|Any CPU
		{26D73CCC-9A8A-41A3-9A4C-5D579B2465DE}.Debug|iPhoneSimulator.Build.0 = Debug|Any CPU
		{26D73CCC-9A8A-41A3-9A4C-5D579B2465DE}.Debug|iPhoneSimulator.Deploy.0 = Debug|Any CPU
		{26D73CCC-9A8A-41A3-9A4C-5D579B2465DE}.Debug|x64.ActiveCfg = Debug|Any CPU
		{26D73CCC-9A8A-41A3-9A4C-5D579B2465DE}.Debug|x64.Build.0 = Debug|Any CPU
		{26D73CCC-9A8A-41A3-9A4C-5D579B2465DE}.Debug|x64.Deploy.0 = Debug|Any CPU
		{26D73CCC-9A8A-41A3-9A4C-5D579B2465DE}.Debug|x86.ActiveCfg = Debug|x86
		{26D73CCC-9A8A-41A3-9A4C-5D579B2465DE}.Debug|x86.Build.0 = Debug|x86
		{26D73CCC-9A8A-41A3-9A4C-5D579B2465DE}.Debug|x86.Deploy.0 = Debug|x86
		{26D73CCC-9A8A-41A3-9A4C-5D579B2465DE}.Release|Any CPU.ActiveCfg = Release|Any CPU
		{26D73CCC-9A8A-41A3-9A4C-5D579B2465DE}.Release|Any CPU.Build.0 = Release|Any CPU
		{26D73CCC-9A8A-41A3-9A4C-5D579B2465DE}.Release|Any CPU.Deploy.0 = Release|Any CPU
		{26D73CCC-9A8A-41A3-9A4C-5D579B2465DE}.Release|ARM.ActiveCfg = Release|ARM
		{26D73CCC-9A8A-41A3-9A4C-5D579B2465DE}.Release|ARM.Build.0 = Release|ARM
		{26D73CCC-9A8A-41A3-9A4C-5D579B2465DE}.Release|ARM.Deploy.0 = Release|ARM
		{26D73CCC-9A8A-41A3-9A4C-5D579B2465DE}.Release|iPhone.ActiveCfg = Release|Any CPU
		{26D73CCC-9A8A-41A3-9A4C-5D579B2465DE}.Release|iPhone.Build.0 = Release|Any CPU
		{26D73CCC-9A8A-41A3-9A4C-5D579B2465DE}.Release|iPhone.Deploy.0 = Release|Any CPU
		{26D73CCC-9A8A-41A3-9A4C-5D579B2465DE}.Release|iPhoneSimulator.ActiveCfg = Release|Any CPU
		{26D73CCC-9A8A-41A3-9A4C-5D579B2465DE}.Release|iPhoneSimulator.Build.0 = Release|Any CPU
		{26D73CCC-9A8A-41A3-9A4C-5D579B2465DE}.Release|iPhoneSimulator.Deploy.0 = Release|Any CPU
		{26D73CCC-9A8A-41A3-9A4C-5D579B2465DE}.Release|x64.ActiveCfg = Release|Any CPU
		{26D73CCC-9A8A-41A3-9A4C-5D579B2465DE}.Release|x64.Build.0 = Release|Any CPU
		{26D73CCC-9A8A-41A3-9A4C-5D579B2465DE}.Release|x64.Deploy.0 = Release|Any CPU
		{26D73CCC-9A8A-41A3-9A4C-5D579B2465DE}.Release|x86.ActiveCfg = Release|x86
		{26D73CCC-9A8A-41A3-9A4C-5D579B2465DE}.Release|x86.Build.0 = Release|x86
		{26D73CCC-9A8A-41A3-9A4C-5D579B2465DE}.Release|x86.Deploy.0 = Release|x86
		{787241FF-19DC-43E2-8DF3-10C8AD2E14D6}.Ad-Hoc|Any CPU.ActiveCfg = Release|Any CPU
		{787241FF-19DC-43E2-8DF3-10C8AD2E14D6}.Ad-Hoc|Any CPU.Build.0 = Release|Any CPU
		{787241FF-19DC-43E2-8DF3-10C8AD2E14D6}.Ad-Hoc|Any CPU.Deploy.0 = Release|Any CPU
		{787241FF-19DC-43E2-8DF3-10C8AD2E14D6}.Ad-Hoc|ARM.ActiveCfg = Release|ARM
		{787241FF-19DC-43E2-8DF3-10C8AD2E14D6}.Ad-Hoc|ARM.Build.0 = Release|ARM
		{787241FF-19DC-43E2-8DF3-10C8AD2E14D6}.Ad-Hoc|ARM.Deploy.0 = Release|ARM
		{787241FF-19DC-43E2-8DF3-10C8AD2E14D6}.Ad-Hoc|iPhone.ActiveCfg = Release|Any CPU
		{787241FF-19DC-43E2-8DF3-10C8AD2E14D6}.Ad-Hoc|iPhone.Build.0 = Release|Any CPU
		{787241FF-19DC-43E2-8DF3-10C8AD2E14D6}.Ad-Hoc|iPhone.Deploy.0 = Release|Any CPU
		{787241FF-19DC-43E2-8DF3-10C8AD2E14D6}.Ad-Hoc|iPhoneSimulator.ActiveCfg = Release|Any CPU
		{787241FF-19DC-43E2-8DF3-10C8AD2E14D6}.Ad-Hoc|iPhoneSimulator.Build.0 = Release|Any CPU
		{787241FF-19DC-43E2-8DF3-10C8AD2E14D6}.Ad-Hoc|iPhoneSimulator.Deploy.0 = Release|Any CPU
		{787241FF-19DC-43E2-8DF3-10C8AD2E14D6}.Ad-Hoc|x64.ActiveCfg = Release|x64
		{787241FF-19DC-43E2-8DF3-10C8AD2E14D6}.Ad-Hoc|x64.Build.0 = Release|x64
		{787241FF-19DC-43E2-8DF3-10C8AD2E14D6}.Ad-Hoc|x64.Deploy.0 = Release|x64
		{787241FF-19DC-43E2-8DF3-10C8AD2E14D6}.Ad-Hoc|x86.ActiveCfg = Release|x86
		{787241FF-19DC-43E2-8DF3-10C8AD2E14D6}.Ad-Hoc|x86.Build.0 = Release|x86
		{787241FF-19DC-43E2-8DF3-10C8AD2E14D6}.Ad-Hoc|x86.Deploy.0 = Release|x86
		{787241FF-19DC-43E2-8DF3-10C8AD2E14D6}.AppStore|Any CPU.ActiveCfg = Release|Any CPU
		{787241FF-19DC-43E2-8DF3-10C8AD2E14D6}.AppStore|Any CPU.Build.0 = Release|Any CPU
		{787241FF-19DC-43E2-8DF3-10C8AD2E14D6}.AppStore|Any CPU.Deploy.0 = Release|Any CPU
		{787241FF-19DC-43E2-8DF3-10C8AD2E14D6}.AppStore|ARM.ActiveCfg = Release|ARM
		{787241FF-19DC-43E2-8DF3-10C8AD2E14D6}.AppStore|ARM.Build.0 = Release|ARM
		{787241FF-19DC-43E2-8DF3-10C8AD2E14D6}.AppStore|ARM.Deploy.0 = Release|ARM
		{787241FF-19DC-43E2-8DF3-10C8AD2E14D6}.AppStore|iPhone.ActiveCfg = Release|Any CPU
		{787241FF-19DC-43E2-8DF3-10C8AD2E14D6}.AppStore|iPhone.Build.0 = Release|Any CPU
		{787241FF-19DC-43E2-8DF3-10C8AD2E14D6}.AppStore|iPhone.Deploy.0 = Release|Any CPU
		{787241FF-19DC-43E2-8DF3-10C8AD2E14D6}.AppStore|iPhoneSimulator.ActiveCfg = Release|Any CPU
		{787241FF-19DC-43E2-8DF3-10C8AD2E14D6}.AppStore|iPhoneSimulator.Build.0 = Release|Any CPU
		{787241FF-19DC-43E2-8DF3-10C8AD2E14D6}.AppStore|iPhoneSimulator.Deploy.0 = Release|Any CPU
		{787241FF-19DC-43E2-8DF3-10C8AD2E14D6}.AppStore|x64.ActiveCfg = Release|x64
		{787241FF-19DC-43E2-8DF3-10C8AD2E14D6}.AppStore|x64.Build.0 = Release|x64
		{787241FF-19DC-43E2-8DF3-10C8AD2E14D6}.AppStore|x64.Deploy.0 = Release|x64
		{787241FF-19DC-43E2-8DF3-10C8AD2E14D6}.AppStore|x86.ActiveCfg = Release|x86
		{787241FF-19DC-43E2-8DF3-10C8AD2E14D6}.AppStore|x86.Build.0 = Release|x86
		{787241FF-19DC-43E2-8DF3-10C8AD2E14D6}.AppStore|x86.Deploy.0 = Release|x86
		{787241FF-19DC-43E2-8DF3-10C8AD2E14D6}.Debug|Any CPU.ActiveCfg = Debug|Any CPU
		{787241FF-19DC-43E2-8DF3-10C8AD2E14D6}.Debug|Any CPU.Build.0 = Debug|Any CPU
		{787241FF-19DC-43E2-8DF3-10C8AD2E14D6}.Debug|Any CPU.Deploy.0 = Debug|Any CPU
		{787241FF-19DC-43E2-8DF3-10C8AD2E14D6}.Debug|ARM.ActiveCfg = Debug|ARM
		{787241FF-19DC-43E2-8DF3-10C8AD2E14D6}.Debug|ARM.Build.0 = Debug|ARM
		{787241FF-19DC-43E2-8DF3-10C8AD2E14D6}.Debug|ARM.Deploy.0 = Debug|ARM
		{787241FF-19DC-43E2-8DF3-10C8AD2E14D6}.Debug|iPhone.ActiveCfg = Debug|Any CPU
		{787241FF-19DC-43E2-8DF3-10C8AD2E14D6}.Debug|iPhone.Build.0 = Debug|Any CPU
		{787241FF-19DC-43E2-8DF3-10C8AD2E14D6}.Debug|iPhone.Deploy.0 = Debug|Any CPU
		{787241FF-19DC-43E2-8DF3-10C8AD2E14D6}.Debug|iPhoneSimulator.ActiveCfg = Debug|Any CPU
		{787241FF-19DC-43E2-8DF3-10C8AD2E14D6}.Debug|iPhoneSimulator.Build.0 = Debug|Any CPU
		{787241FF-19DC-43E2-8DF3-10C8AD2E14D6}.Debug|iPhoneSimulator.Deploy.0 = Debug|Any CPU
		{787241FF-19DC-43E2-8DF3-10C8AD2E14D6}.Debug|x64.ActiveCfg = Debug|x64
		{787241FF-19DC-43E2-8DF3-10C8AD2E14D6}.Debug|x64.Build.0 = Debug|x64
		{787241FF-19DC-43E2-8DF3-10C8AD2E14D6}.Debug|x64.Deploy.0 = Debug|x64
		{787241FF-19DC-43E2-8DF3-10C8AD2E14D6}.Debug|x86.ActiveCfg = Debug|x86
		{787241FF-19DC-43E2-8DF3-10C8AD2E14D6}.Debug|x86.Build.0 = Debug|x86
		{787241FF-19DC-43E2-8DF3-10C8AD2E14D6}.Debug|x86.Deploy.0 = Debug|x86
		{787241FF-19DC-43E2-8DF3-10C8AD2E14D6}.Release|Any CPU.ActiveCfg = Release|Any CPU
		{787241FF-19DC-43E2-8DF3-10C8AD2E14D6}.Release|Any CPU.Build.0 = Release|Any CPU
		{787241FF-19DC-43E2-8DF3-10C8AD2E14D6}.Release|Any CPU.Deploy.0 = Release|Any CPU
		{787241FF-19DC-43E2-8DF3-10C8AD2E14D6}.Release|ARM.ActiveCfg = Release|ARM
		{787241FF-19DC-43E2-8DF3-10C8AD2E14D6}.Release|ARM.Build.0 = Release|ARM
		{787241FF-19DC-43E2-8DF3-10C8AD2E14D6}.Release|ARM.Deploy.0 = Release|ARM
		{787241FF-19DC-43E2-8DF3-10C8AD2E14D6}.Release|iPhone.ActiveCfg = Release|Any CPU
		{787241FF-19DC-43E2-8DF3-10C8AD2E14D6}.Release|iPhone.Build.0 = Release|Any CPU
		{787241FF-19DC-43E2-8DF3-10C8AD2E14D6}.Release|iPhone.Deploy.0 = Release|Any CPU
		{787241FF-19DC-43E2-8DF3-10C8AD2E14D6}.Release|iPhoneSimulator.ActiveCfg = Release|Any CPU
		{787241FF-19DC-43E2-8DF3-10C8AD2E14D6}.Release|iPhoneSimulator.Build.0 = Release|Any CPU
		{787241FF-19DC-43E2-8DF3-10C8AD2E14D6}.Release|iPhoneSimulator.Deploy.0 = Release|Any CPU
		{787241FF-19DC-43E2-8DF3-10C8AD2E14D6}.Release|x64.ActiveCfg = Release|x64
		{787241FF-19DC-43E2-8DF3-10C8AD2E14D6}.Release|x64.Build.0 = Release|x64
		{787241FF-19DC-43E2-8DF3-10C8AD2E14D6}.Release|x64.Deploy.0 = Release|x64
		{787241FF-19DC-43E2-8DF3-10C8AD2E14D6}.Release|x86.ActiveCfg = Release|x86
		{787241FF-19DC-43E2-8DF3-10C8AD2E14D6}.Release|x86.Build.0 = Release|x86
		{787241FF-19DC-43E2-8DF3-10C8AD2E14D6}.Release|x86.Deploy.0 = Release|x86
	EndGlobalSection
	GlobalSection(SolutionProperties) = preSolution
		HideSolutionNode = FALSE
	EndGlobalSection
EndGlobal
